// !$*UTF8*$!
{
	archiveVersion = 1;
	classes = {
	};
	objectVersion = 50;
	objects = {

/* Begin PBXBuildFile section */
		9DC7E4E622C7FAE800DB1BBA /* AppDelegate.swift in Sources */ = {isa = PBXBuildFile; fileRef = 9DC7E4E522C7FAE800DB1BBA /* AppDelegate.swift */; };
		9DC7E4E822C7FAE800DB1BBA /* ViewController.swift in Sources */ = {isa = PBXBuildFile; fileRef = 9DC7E4E722C7FAE800DB1BBA /* ViewController.swift */; };
		9DC7E4EB22C7FAE800DB1BBA /* Main.storyboard in Resources */ = {isa = PBXBuildFile; fileRef = 9DC7E4E922C7FAE800DB1BBA /* Main.storyboard */; };
		9DC7E4ED22C7FAE900DB1BBA /* Assets.xcassets in Resources */ = {isa = PBXBuildFile; fileRef = 9DC7E4EC22C7FAE900DB1BBA /* Assets.xcassets */; };
		9DC7E4F022C7FAEA00DB1BBA /* LaunchScreen.storyboard in Resources */ = {isa = PBXBuildFile; fileRef = 9DC7E4EE22C7FAEA00DB1BBA /* LaunchScreen.storyboard */; };
/* End PBXBuildFile section */

/* Begin PBXFileReference section */
		9DC7E4E222C7FAE800DB1BBA /* Kiara-Chat.app */ = {isa = PBXFileReference; explicitFileType = wrapper.application; includeInIndex = 0; path = "Kiara-Chat.app"; sourceTree = BUILT_PRODUCTS_DIR; };
		9DC7E4E522C7FAE800DB1BBA /* AppDelegate.swift */ = {isa = PBXFileReference; lastKnownFileType = sourcecode.swift; path = AppDelegate.swift; sourceTree = "<group>"; };
		9DC7E4E722C7FAE800DB1BBA /* ViewController.swift */ = {isa = PBXFileReference; lastKnownFileType = sourcecode.swift; path = ViewController.swift; sourceTree = "<group>"; };
		9DC7E4EA22C7FAE800DB1BBA /* Base */ = {isa = PBXFileReference; lastKnownFileType = file.storyboard; name = Base; path = Base.lproj/Main.storyboard; sourceTree = "<group>"; };
		9DC7E4EC22C7FAE900DB1BBA /* Assets.xcassets */ = {isa = PBXFileReference; lastKnownFileType = folder.assetcatalog; path = Assets.xcassets; sourceTree = "<group>"; };
		9DC7E4EF22C7FAEA00DB1BBA /* Base */ = {isa = PBXFileReference; lastKnownFileType = file.storyboard; name = Base; path = Base.lproj/LaunchScreen.storyboard; sourceTree = "<group>"; };
		9DC7E4F122C7FAEA00DB1BBA /* Info.plist */ = {isa = PBXFileReference; lastKnownFileType = text.plist.xml; path = Info.plist; sourceTree = "<group>"; };
/* End PBXFileReference section */

/* Begin PBXFrameworksBuildPhase section */
		9DC7E4DF22C7FAE800DB1BBA /* Frameworks */ = {
			isa = PBXFrameworksBuildPhase;
			buildActionMask = 2147483647;
			files = (
			);
			runOnlyForDeploymentPostprocessing = 0;
		};
/* End PBXFrameworksBuildPhase section */

/* Begin PBXGroup section */
		9DC7E4D922C7FAE800DB1BBA = {
			isa = PBXGroup;
			children = (
				9DC7E4E422C7FAE800DB1BBA /* Kiara-Chat */,
				9DC7E4E322C7FAE800DB1BBA /* Products */,
			);
			sourceTree = "<group>";
		};
		9DC7E4E322C7FAE800DB1BBA /* Products */ = {
			isa = PBXGroup;
			children = (
				9DC7E4E222C7FAE800DB1BBA /* Kiara-Chat.app */,
			);
			name = Products;
			sourceTree = "<group>";
		};
		9DC7E4E422C7FAE800DB1BBA /* Kiara-Chat */ = {
			isa = PBXGroup;
			children = (
				9DC7E4E522C7FAE800DB1BBA /* AppDelegate.swift */,
				9DC7E4E722C7FAE800DB1BBA /* ViewController.swift */,
				9DC7E4E922C7FAE800DB1BBA /* Main.storyboard */,
				9DC7E4EC22C7FAE900DB1BBA /* Assets.xcassets */,
				9DC7E4EE22C7FAEA00DB1BBA /* LaunchScreen.storyboard */,
				9DC7E4F122C7FAEA00DB1BBA /* Info.plist */,
			);
			path = "Kiara-Chat";
			sourceTree = "<group>";
		};
/* End PBXGroup section */

/* Begin PBXNativeTarget section */
		9DC7E4E122C7FAE800DB1BBA /* Kiara-Chat */ = {
			isa = PBXNativeTarget;
			buildConfigurationList = 9DC7E4F422C7FAEA00DB1BBA /* Build configuration list for PBXNativeTarget "Kiara-Chat" */;
			buildPhases = (
				9DC7E4DE22C7FAE800DB1BBA /* Sources */,
				9DC7E4DF22C7FAE800DB1BBA /* Frameworks */,
				9DC7E4E022C7FAE800DB1BBA /* Resources */,
			);
			buildRules = (
			);
			dependencies = (
			);
			name = "Kiara-Chat";
			productName = "Kiara-Chat";
			productReference = 9DC7E4E222C7FAE800DB1BBA /* Kiara-Chat.app */;
			productType = "com.apple.product-type.application";
		};
/* End PBXNativeTarget section */

/* Begin PBXProject section */
		9DC7E4DA22C7FAE800DB1BBA /* Project object */ = {
			isa = PBXProject;
			attributes = {
				LastSwiftUpdateCheck = 1010;
				LastUpgradeCheck = 1010;
				ORGANIZATIONNAME = "Franco Birro";
				TargetAttributes = {
					9DC7E4E122C7FAE800DB1BBA = {
						CreatedOnToolsVersion = 10.1;
					};
				};
			};
			buildConfigurationList = 9DC7E4DD22C7FAE800DB1BBA /* Build configuration list for PBXProject "Kiara-Chat" */;
			compatibilityVersion = "Xcode 9.3";
			developmentRegion = en;
			hasScannedForEncodings = 0;
			knownRegions = (
				en,
				Base,
			);
			mainGroup = 9DC7E4D922C7FAE800DB1BBA;
			productRefGroup = 9DC7E4E322C7FAE800DB1BBA /* Products */;
			projectDirPath = "";
			projectRoot = "";
			targets = (
				9DC7E4E122C7FAE800DB1BBA /* Kiara-Chat */,
			);
		};
/* End PBXProject section */

/* Begin PBXResourcesBuildPhase section */
		9DC7E4E022C7FAE800DB1BBA /* Resources */ = {
			isa = PBXResourcesBuildPhase;
			buildActionMask = 2147483647;
			files = (
				9DC7E4F022C7FAEA00DB1BBA /* LaunchScreen.storyboard in Resources */,
				9DC7E4ED22C7FAE900DB1BBA /* Assets.xcassets in Resources */,
				9DC7E4EB22C7FAE800DB1BBA /* Main.storyboard in Resources */,
			);
			runOnlyForDeploymentPostprocessing = 0;
		};
/* End PBXResourcesBuildPhase section */

/* Begin PBXSourcesBuildPhase section */
		9DC7E4DE22C7FAE800DB1BBA /* Sources */ = {
			isa = PBXSourcesBuildPhase;
			buildActionMask = 2147483647;
			files = (
				9DC7E4E822C7FAE800DB1BBA /* ViewController.swift in Sources */,
				9DC7E4E622C7FAE800DB1BBA /* AppDelegate.swift in Sources */,
			);
			runOnlyForDeploymentPostprocessing = 0;
		};
/* End PBXSourcesBuildPhase section */

/* Begin PBXVariantGroup section */
		9DC7E4E922C7FAE800DB1BBA /* Main.storyboard */ = {
			isa = PBXVariantGroup;
			children = (
				9DC7E4EA22C7FAE800DB1BBA /* Base */,
			);
			name = Main.storyboard;
			sourceTree = "<group>";
		};
		9DC7E4EE22C7FAEA00DB1BBA /* LaunchScreen.storyboard */ = {
			isa = PBXVariantGroup;
			children = (
				9DC7E4EF22C7FAEA00DB1BBA /* Base */,
			);
			name = LaunchScreen.storyboard;
			sourceTree = "<group>";
		};
/* End PBXVariantGroup section */

/* Begin XCBuildConfiguration section */
		9DC7E4F222C7FAEA00DB1BBA /* Debug */ = {
			isa = XCBuildConfiguration;
			buildSettings = {
				ALWAYS_SEARCH_USER_PATHS = NO;
				CLANG_ANALYZER_NONNULL = YES;
				CLANG_ANALYZER_NUMBER_OBJECT_CONVERSION = YES_AGGRESSIVE;
				CLANG_CXX_LANGUAGE_STANDARD = "gnu++14";
				CLANG_CXX_LIBRARY = "libc++";
				CLANG_ENABLE_MODULES = YES;
				CLANG_ENABLE_OBJC_ARC = YES;
				CLANG_ENABLE_OBJC_WEAK = YES;
				CLANG_WARN_BLOCK_CAPTURE_AUTORELEASING = YES;
				CLANG_WARN_BOOL_CONVERSION = YES;
				CLANG_WARN_COMMA = YES;
				CLANG_WARN_CONSTANT_CONVERSION = YES;
				CLANG_WARN_DEPRECATED_OBJC_IMPLEMENTATIONS = YES;
				CLANG_WARN_DIRECT_OBJC_ISA_USAGE = YES_ERROR;
				CLANG_WARN_DOCUMENTATION_COMMENTS = YES;
				CLANG_WARN_EMPTY_BODY = YES;
				CLANG_WARN_ENUM_CONVERSION = YES;
				CLANG_WARN_INFINITE_RECURSION = YES;
				CLANG_WARN_INT_CONVERSION = YES;
				CLANG_WARN_NON_LITERAL_NULL_CONVERSION = YES;
				CLANG_WARN_OBJC_IMPLICIT_RETAIN_SELF = YES;
				CLANG_WARN_OBJC_LITERAL_CONVERSION = YES;
				CLANG_WARN_OBJC_ROOT_CLASS = YES_ERROR;
				CLANG_WARN_RANGE_LOOP_ANALYSIS = YES;
				CLANG_WARN_STRICT_PROTOTYPES = YES;
				CLANG_WARN_SUSPICIOUS_MOVE = YES;
				CLANG_WARN_UNGUARDED_AVAILABILITY = YES_AGGRESSIVE;
				CLANG_WARN_UNREACHABLE_CODE = YES;
				CLANG_WARN__DUPLICATE_METHOD_MATCH = YES;
				CODE_SIGN_IDENTITY = "iPhone Developer";
				COPY_PHASE_STRIP = NO;
				DEBUG_INFORMATION_FORMAT = dwarf;
				ENABLE_STRICT_OBJC_MSGSEND = YES;
				ENABLE_TESTABILITY = YES;
				GCC_C_LANGUAGE_STANDARD = gnu11;
				GCC_DYNAMIC_NO_PIC = NO;
				GCC_NO_COMMON_BLOCKS = YES;
				GCC_OPTIMIZATION_LEVEL = 0;
				GCC_PREPROCESSOR_DEFINITIONS = (
					"DEBUG=1",
					"$(inherited)",
				);
				GCC_WARN_64_TO_32_BIT_CONVERSION = YES;
				GCC_WARN_ABOUT_RETURN_TYPE = YES_ERROR;
				GCC_WARN_UNDECLARED_SELECTOR = YES;
				GCC_WARN_UNINITIALIZED_AUTOS = YES_AGGRESSIVE;
				GCC_WARN_UNUSED_FUNCTION = YES;
				GCC_WARN_UNUSED_VARIABLE = YES;
				IPHONEOS_DEPLOYMENT_TARGET = 12.1;
				MTL_ENABLE_DEBUG_INFO = INCLUDE_SOURCE;
				MTL_FAST_MATH = YES;
				ONLY_ACTIVE_ARCH = YES;
				SDKROOT = iphoneos;
				SWIFT_ACTIVE_COMPILATION_CONDITIONS = DEBUG;
				SWIFT_OPTIMIZATION_LEVEL = "-Onone";
			};
			name = Debug;
		};
		9DC7E4F322C7FAEA00DB1BBA /* Release */ = {
			isa = XCBuildConfiguration;
			buildSettings = {
				ALWAYS_SEARCH_USER_PATHS = NO;
				CLANG_ANALYZER_NONNULL = YES;
				CLANG_ANALYZER_NUMBER_OBJECT_CONVERSION = YES_AGGRESSIVE;
				CLANG_CXX_LANGUAGE_STANDARD = "gnu++14";
				CLANG_CXX_LIBRARY = "libc++";
				CLANG_ENABLE_MODULES = YES;
				CLANG_ENABLE_OBJC_ARC = YES;
				CLANG_ENABLE_OBJC_WEAK = YES;
				CLANG_WARN_BLOCK_CAPTURE_AUTORELEASING = YES;
				CLANG_WARN_BOOL_CONVERSION = YES;
				CLANG_WARN_COMMA = YES;
				CLANG_WARN_CONSTANT_CONVERSION = YES;
				CLANG_WARN_DEPRECATED_OBJC_IMPLEMENTATIONS = YES;
				CLANG_WARN_DIRECT_OBJC_ISA_USAGE = YES_ERROR;
				CLANG_WARN_DOCUMENTATION_COMMENTS = YES;
				CLANG_WARN_EMPTY_BODY = YES;
				CLANG_WARN_ENUM_CONVERSION = YES;
				CLANG_WARN_INFINITE_RECURSION = YES;
				CLANG_WARN_INT_CONVERSION = YES;
				CLANG_WARN_NON_LITERAL_NULL_CONVERSION = YES;
				CLANG_WARN_OBJC_IMPLICIT_RETAIN_SELF = YES;
				CLANG_WARN_OBJC_LITERAL_CONVERSION = YES;
				CLANG_WARN_OBJC_ROOT_CLASS = YES_ERROR;
				CLANG_WARN_RANGE_LOOP_ANALYSIS = YES;
				CLANG_WARN_STRICT_PROTOTYPES = YES;
				CLANG_WARN_SUSPICIOUS_MOVE = YES;
				CLANG_WARN_UNGUARDED_AVAILABILITY = YES_AGGRESSIVE;
				CLANG_WARN_UNREACHABLE_CODE = YES;
				CLANG_WARN__DUPLICATE_METHOD_MATCH = YES;
				CODE_SIGN_IDENTITY = "iPhone Developer";
				COPY_PHASE_STRIP = NO;
				DEBUG_INFORMATION_FORMAT = "dwarf-with-dsym";
				ENABLE_NS_ASSERTIONS = NO;
				ENABLE_STRICT_OBJC_MSGSEND = YES;
				GCC_C_LANGUAGE_STANDARD = gnu11;
				GCC_NO_COMMON_BLOCKS = YES;
				GCC_WARN_64_TO_32_BIT_CONVERSION = YES;
				GCC_WARN_ABOUT_RETURN_TYPE = YES_ERROR;
				GCC_WARN_UNDECLARED_SELECTOR = YES;
				GCC_WARN_UNINITIALIZED_AUTOS = YES_AGGRESSIVE;
				GCC_WARN_UNUSED_FUNCTION = YES;
				GCC_WARN_UNUSED_VARIABLE = YES;
				IPHONEOS_DEPLOYMENT_TARGET = 12.1;
				MTL_ENABLE_DEBUG_INFO = NO;
				MTL_FAST_MATH = YES;
				SDKROOT = iphoneos;
				SWIFT_COMPILATION_MODE = wholemodule;
				SWIFT_OPTIMIZATION_LEVEL = "-O";
				VALIDATE_PRODUCT = YES;
			};
			name = Release;
		};
		9DC7E4F522C7FAEA00DB1BBA /* Debug */ = {
			isa = XCBuildConfiguration;
			buildSettings = {
				ASSETCATALOG_COMPILER_APPICON_NAME = AppIcon;
				CODE_SIGN_STYLE = Automatic;
				INFOPLIST_FILE = "Kiara-Chat/Info.plist";
				LD_RUNPATH_SEARCH_PATHS = (
					"$(inherited)",
					"@executable_path/Frameworks",
				);
				PRODUCT_BUNDLE_IDENTIFIER = "synthTech.Kiara-Chat";
				PRODUCT_NAME = "$(TARGET_NAME)";
				SWIFT_VERSION = 4.2;
				TARGETED_DEVICE_FAMILY = "1,2";
			};
			name = Debug;
		};
		9DC7E4F622C7FAEA00DB1BBA /* Release */ = {
			isa = XCBuildConfiguration;
			buildSettings = {
				ASSETCATALOG_COMPILER_APPICON_NAME = AppIcon;
				CODE_SIGN_STYLE = Automatic;
				INFOPLIST_FILE = "Kiara-Chat/Info.plist";
				LD_RUNPATH_SEARCH_PATHS = (
					"$(inherited)",
					"@executable_path/Frameworks",
				);
				PRODUCT_BUNDLE_IDENTIFIER = "synthTech.Kiara-Chat";
				PRODUCT_NAME = "$(TARGET_NAME)";
				SWIFT_VERSION = 4.2;
				TARGETED_DEVICE_FAMILY = "1,2";
			};
			name = Release;
		};
/* End XCBuildConfiguration section */

/* Begin XCConfigurationList section */
		9DC7E4DD22C7FAE800DB1BBA /* Build configuration list for PBXProject "Kiara-Chat" */ = {
			isa = XCConfigurationList;
			buildConfigurations = (
				9DC7E4F222C7FAEA00DB1BBA /* Debug */,
				9DC7E4F322C7FAEA00DB1BBA /* Release */,
			);
			defaultConfigurationIsVisible = 0;
			defaultConfigurationName = Release;
		};
		9DC7E4F422C7FAEA00DB1BBA /* Build configuration list for PBXNativeTarget "Kiara-Chat" */ = {
			isa = XCConfigurationList;
			buildConfigurations = (
				9DC7E4F522C7FAEA00DB1BBA /* Debug */,
				9DC7E4F622C7FAEA00DB1BBA /* Release */,
			);
			defaultConfigurationIsVisible = 0;
			defaultConfigurationName = Release;
		};
/* End XCConfigurationList section */
	};
	rootObject = 9DC7E4DA22C7FAE800DB1BBA /* Project object */;
}
